
Microsoft Visual Studio Solution File, Format Version 12.00
# Visual Studio Version 17
VisualStudioVersion = 17.9.34728.123
MinimumVisualStudioVersion = 10.0.40219.1
Project("{888888A0-9F3D-457C-B088-3A5042F75D52}") = "house price predictor -- Linear Regression", "house price predictor -- Linear Regression\house price predictor -- Linear Regression.pyproj", "{12BE422A-528F-414A-837A-4E33E1D50F7A}"
EndProject
Global
	GlobalSection(SolutionConfigurationPlatforms) = preSolution
		Debug|Any CPU = Debug|Any CPU
		Release|Any CPU = Release|Any CPU
	EndGlobalSection
	GlobalSection(ProjectConfigurationPlatforms) = postSolution
		{12BE422A-528F-414A-837A-4E33E1D50F7A}.Debug|Any CPU.ActiveCfg = Debug|Any CPU
		{12BE422A-528F-414A-837A-4E33E1D50F7A}.Release|Any CPU.ActiveCfg = Release|Any CPU
	EndGlobalSection
	GlobalSection(SolutionProperties) = preSolution
		HideSolutionNode = FALSE
	EndGlobalSection
	GlobalSection(ExtensibilityGlobals) = postSolution
		SolutionGuid = {02EA08A5-BF5D-4D59-8340-F5F1E9024AD6}
	EndGlobalSection
EndGlobal
